
Microsoft Visual Studio Solution File, Format Version 12.00
# Visual Studio Version 17
VisualStudioVersion = 17.0.32126.317
MinimumVisualStudioVersion = 10.0.40219.1
Project("{2150E333-8FDC-42A3-9474-1A3956D46DE8}") = "Solution Items", "Solution Items", "{49889B2C-825C-42B8-9667-B978D2F6B3FE}"
	ProjectSection(SolutionItems) = preProject
		default.ruleset = default.ruleset
		Packages.props = Packages.props
		Shared.props = Shared.props
	EndProjectSection
EndProject
Project("{9A19103F-16F7-4668-BE54-9A1E7A4F7556}") = "Interfaces", "Interfaces\Interfaces.csproj", "{55A38B58-2F9F-41FD-AF71-4ECA52BB9303}"
EndProject
Project("{9A19103F-16F7-4668-BE54-9A1E7A4F7556}") = "Grains", "Grains\Grains.csproj", "{73DE1FFA-0578-443E-99D4-629141BC4DAA}"
EndProject
Project("{9A19103F-16F7-4668-BE54-9A1E7A4F7556}") = "SiloHost", "SiloHost\SiloHost.csproj", "{E7C049A1-48C6-4B69-957B-5904E537EBF4}"
EndProject
Project("{9A19103F-16F7-4668-BE54-9A1E7A4F7556}") = "ConsoleClient", "ConsoleClient\ConsoleClient.csproj", "{C587A4F1-8DED-4618-B730-25CA499FD6A5}"
EndProject
Project("{FAE04EC0-301F-11D3-BF4B-00C04F79EFBC}") = "Common", "Common\Common.csproj", "{8FB310C0-36C9-4D58-8A64-6BD5992BE3D1}"
EndProject
Global
	GlobalSection(SolutionConfigurationPlatforms) = preSolution
		Debug|Any CPU = Debug|Any CPU
		Release|Any CPU = Release|Any CPU
	EndGlobalSection
	GlobalSection(ProjectConfigurationPlatforms) = postSolution
		{55A38B58-2F9F-41FD-AF71-4ECA52BB9303}.Debug|Any CPU.ActiveCfg = Debug|Any CPU
		{55A38B58-2F9F-41FD-AF71-4ECA52BB9303}.Debug|Any CPU.Build.0 = Debug|Any CPU
		{55A38B58-2F9F-41FD-AF71-4ECA52BB9303}.Release|Any CPU.ActiveCfg = Release|Any CPU
		{55A38B58-2F9F-41FD-AF71-4ECA52BB9303}.Release|Any CPU.Build.0 = Release|Any CPU
		{73DE1FFA-0578-443E-99D4-629141BC4DAA}.Debug|Any CPU.ActiveCfg = Debug|Any CPU
		{73DE1FFA-0578-443E-99D4-629141BC4DAA}.Debug|Any CPU.Build.0 = Debug|Any CPU
		{73DE1FFA-0578-443E-99D4-629141BC4DAA}.Release|Any CPU.ActiveCfg = Release|Any CPU
		{73DE1FFA-0578-443E-99D4-629141BC4DAA}.Release|Any CPU.Build.0 = Release|Any CPU
		{E7C049A1-48C6-4B69-957B-5904E537EBF4}.Debug|Any CPU.ActiveCfg = Debug|Any CPU
		{E7C049A1-48C6-4B69-957B-5904E537EBF4}.Debug|Any CPU.Build.0 = Debug|Any CPU
		{E7C049A1-48C6-4B69-957B-5904E537EBF4}.Release|Any CPU.ActiveCfg = Release|Any CPU
		{E7C049A1-48C6-4B69-957B-5904E537EBF4}.Release|Any CPU.Build.0 = Release|Any CPU
		{C587A4F1-8DED-4618-B730-25CA499FD6A5}.Debug|Any CPU.ActiveCfg = Debug|Any CPU
		{C587A4F1-8DED-4618-B730-25CA499FD6A5}.Debug|Any CPU.Build.0 = Debug|Any CPU
		{C587A4F1-8DED-4618-B730-25CA499FD6A5}.Release|Any CPU.ActiveCfg = Release|Any CPU
		{C587A4F1-8DED-4618-B730-25CA499FD6A5}.Release|Any CPU.Build.0 = Release|Any CPU
		{8FB310C0-36C9-4D58-8A64-6BD5992BE3D1}.Debug|Any CPU.ActiveCfg = Debug|Any CPU
		{8FB310C0-36C9-4D58-8A64-6BD5992BE3D1}.Debug|Any CPU.Build.0 = Debug|Any CPU
		{8FB310C0-36C9-4D58-8A64-6BD5992BE3D1}.Release|Any CPU.ActiveCfg = Release|Any CPU
		{8FB310C0-36C9-4D58-8A64-6BD5992BE3D1}.Release|Any CPU.Build.0 = Release|Any CPU
	EndGlobalSection
	GlobalSection(SolutionProperties) = preSolution
		HideSolutionNode = FALSE
	EndGlobalSection
	GlobalSection(ExtensibilityGlobals) = postSolution
		SolutionGuid = {738CA3E4-F92B-41A1-926B-F04A0A114D03}
	EndGlobalSection
EndGlobal
